
Microsoft Visual Studio Solution File, Format Version 12.00
# Visual Studio 14
VisualStudioVersion = 14.0.25420.1
MinimumVisualStudioVersion = 10.0.40219.1
Project("{FAE04EC0-301F-11D3-BF4B-00C04F79EFBC}") = "DAL", "DAL\DAL.csproj", "{19CB1DBE-0DF3-4B64-A21B-E7AF37D9163B}"
EndProject
Project("{FAE04EC0-301F-11D3-BF4B-00C04F79EFBC}") = "Model", "Model\Model.csproj", "{111E4442-EB73-48A4-95A1-5E700DE79EEB}"
EndProject
Project("{FAE04EC0-301F-11D3-BF4B-00C04F79EFBC}") = "SDesk.API", "SDesk.API\SDesk.API.csproj", "{43F2FADD-1396-40B8-89DD-E545683BA21F}"
EndProject
Project("{FAE04EC0-301F-11D3-BF4B-00C04F79EFBC}") = "SDesk.SelfHost", "SDesk.SelfHost\SDesk.SelfHost.csproj", "{76BEF5F7-CC4A-411A-B668-5BB26F4EF618}"
EndProject
Global
	GlobalSection(SolutionConfigurationPlatforms) = preSolution
		Debug|Any CPU = Debug|Any CPU
		Release|Any CPU = Release|Any CPU
	EndGlobalSection
	GlobalSection(ProjectConfigurationPlatforms) = postSolution
		{19CB1DBE-0DF3-4B64-A21B-E7AF37D9163B}.Debug|Any CPU.ActiveCfg = Debug|Any CPU
		{19CB1DBE-0DF3-4B64-A21B-E7AF37D9163B}.Debug|Any CPU.Build.0 = Debug|Any CPU
		{19CB1DBE-0DF3-4B64-A21B-E7AF37D9163B}.Release|Any CPU.ActiveCfg = Release|Any CPU
		{19CB1DBE-0DF3-4B64-A21B-E7AF37D9163B}.Release|Any CPU.Build.0 = Release|Any CPU
		{111E4442-EB73-48A4-95A1-5E700DE79EEB}.Debug|Any CPU.ActiveCfg = Debug|Any CPU
		{111E4442-EB73-48A4-95A1-5E700DE79EEB}.Debug|Any CPU.Build.0 = Debug|Any CPU
		{111E4442-EB73-48A4-95A1-5E700DE79EEB}.Release|Any CPU.ActiveCfg = Release|Any CPU
		{111E4442-EB73-48A4-95A1-5E700DE79EEB}.Release|Any CPU.Build.0 = Release|Any CPU
		{43F2FADD-1396-40B8-89DD-E545683BA21F}.Debug|Any CPU.ActiveCfg = Debug|Any CPU
		{43F2FADD-1396-40B8-89DD-E545683BA21F}.Debug|Any CPU.Build.0 = Debug|Any CPU
		{43F2FADD-1396-40B8-89DD-E545683BA21F}.Release|Any CPU.ActiveCfg = Release|Any CPU
		{43F2FADD-1396-40B8-89DD-E545683BA21F}.Release|Any CPU.Build.0 = Release|Any CPU
		{76BEF5F7-CC4A-411A-B668-5BB26F4EF618}.Debug|Any CPU.ActiveCfg = Debug|Any CPU
		{76BEF5F7-CC4A-411A-B668-5BB26F4EF618}.Debug|Any CPU.Build.0 = Debug|Any CPU
		{76BEF5F7-CC4A-411A-B668-5BB26F4EF618}.Release|Any CPU.ActiveCfg = Release|Any CPU
		{76BEF5F7-CC4A-411A-B668-5BB26F4EF618}.Release|Any CPU.Build.0 = Release|Any CPU
	EndGlobalSection
	GlobalSection(SolutionProperties) = preSolution
		HideSolutionNode = FALSE
	EndGlobalSection
EndGlobal
